
Microsoft Visual Studio Solution File, Format Version 12.00
# Visual Studio 15
VisualStudioVersion = 15.0.28307.168
MinimumVisualStudioVersion = 10.0.40219.1
Project("{FAE04EC0-301F-11D3-BF4B-00C04F79EFBC}") = "AutoRegister.Extensions.Microsoft.DependencyInjection", "AutoRegister.Extensions.Microsoft.DependencyInjection\AutoRegister.Extensions.Microsoft.DependencyInjection.csproj", "{8239C07D-F1A7-4E7C-87F7-9FABD55F5493}"
EndProject
Project("{FAE04EC0-301F-11D3-BF4B-00C04F79EFBC}") = "AutoRegister.Tests", "AutoRegister.Tests\AutoRegister.Tests.csproj", "{04A5B4AC-6D15-4ABA-8672-578E5DD4A746}"
EndProject
Global
	GlobalSection(SolutionConfigurationPlatforms) = preSolution
		Debug|Any CPU = Debug|Any CPU
		Release|Any CPU = Release|Any CPU
	EndGlobalSection
	GlobalSection(ProjectConfigurationPlatforms) = postSolution
		{8239C07D-F1A7-4E7C-87F7-9FABD55F5493}.Debug|Any CPU.ActiveCfg = Debug|Any CPU
		{8239C07D-F1A7-4E7C-87F7-9FABD55F5493}.Debug|Any CPU.Build.0 = Debug|Any CPU
		{8239C07D-F1A7-4E7C-87F7-9FABD55F5493}.Release|Any CPU.ActiveCfg = Release|Any CPU
		{8239C07D-F1A7-4E7C-87F7-9FABD55F5493}.Release|Any CPU.Build.0 = Release|Any CPU
		{04A5B4AC-6D15-4ABA-8672-578E5DD4A746}.Debug|Any CPU.ActiveCfg = Debug|Any CPU
		{04A5B4AC-6D15-4ABA-8672-578E5DD4A746}.Debug|Any CPU.Build.0 = Debug|Any CPU
		{04A5B4AC-6D15-4ABA-8672-578E5DD4A746}.Release|Any CPU.ActiveCfg = Release|Any CPU
		{04A5B4AC-6D15-4ABA-8672-578E5DD4A746}.Release|Any CPU.Build.0 = Release|Any CPU
	EndGlobalSection
	GlobalSection(SolutionProperties) = preSolution
		HideSolutionNode = FALSE
	EndGlobalSection
	GlobalSection(ExtensibilityGlobals) = postSolution
		SolutionGuid = {2CB3500A-6FBC-41DE-A31E-EFCB4317A48F}
	EndGlobalSection
EndGlobal
